PODS:
  - AnalyticsKit/Core (1.2.3)
  - AnalyticsKit/Mixpanel (1.2.3):
    - AnalyticsKit/Core
    - Mixpanel
  - APAddressBook (0.0.10)
  - Firebase (1.1.9)
  - libPhoneNumber-iOS (0.7.3)
  - Mixpanel (2.4.1)

DEPENDENCIES:
  - AnalyticsKit/Mixpanel
  - APAddressBook (~> 0.0.7)
  - Firebase (>= 1.1)
  - libPhoneNumber-iOS (~> 0.7)

SPEC CHECKSUMS:
  AnalyticsKit: 1dd92c8ca0b713263c613235615d001790f359db
  APAddressBook: d176555d6b845a3c900f3f3c3787c1b98d83151d
  Firebase: 389b4d1f1a8f4b9ed53abec2aa62a3ceeafd7fcd
  libPhoneNumber-iOS: 98fc07d70c8fdb5e6a8e3442c37e97353065c20e
  Mixpanel: a29ff32db93936dea24162f0dc4fecc4a8f17071

COCOAPODS: 0.33.1
