PODS:
  - AFDownloadRequestOperation (2.0.1):
    - AFNetworking (~> 2.0)
  - AFNetworking (2.5.4):
    - AFNetworking/NSURLConnection (= 2.5.4)
    - AFNetworking/NSURLSession (= 2.5.4)
    - AFNetworking/Reachability (= 2.5.4)
    - AFNetworking/Security (= 2.5.4)
    - AFNetworking/Serialization (= 2.5.4)
    - AFNetworking/UIKit (= 2.5.4)
  - AFNetworking/NSURLConnection (2.5.4):
    - AFNetworking/Reachability
    - AFNetworking/Security
    - AFNetworking/Serialization
  - AFNetworking/NSURLSession (2.5.4):
    - AFNetworking/Reachability
    - AFNetworking/Security
    - AFNetworking/Serialization
  - AFNetworking/Reachability (2.5.4)
  - AFNetworking/Security (2.5.4)
  - AFNetworking/Serialization (2.5.4)
  - AFNetworking/UIKit (2.5.4):
    - AFNetworking/NSURLConnection
    - AFNetworking/NSURLSession
  - APAddressBook (0.0.10)
  - BLKFlexibleHeightBar (1.0.2)
  - Bolts (1.2.0):
    - Bolts/AppLinks (= 1.2.0)
    - Bolts/Tasks (= 1.2.0)
  - Bolts/AppLinks (1.2.0):
    - Bolts/Tasks
  - Bolts/Tasks (1.2.0)
  - FBSDKCoreKit (4.3.0):
    - Bolts (~> 1.1)
    - FBSDKCoreKit/arc (= 4.3.0)
    - FBSDKCoreKit/no-arc (= 4.3.0)
  - FBSDKCoreKit/arc (4.3.0):
    - Bolts (~> 1.1)
  - FBSDKCoreKit/no-arc (4.3.0):
    - Bolts (~> 1.1)
    - FBSDKCoreKit/arc
  - FBSDKShareKit (4.3.0):
    - FBSDKCoreKit
  - Firebase (2.3.1)
  - FLAnimatedImage (1.0.8)
  - FrameAccessor (1.3.2)
  - GPUImage (0.1.7)
  - Harpy (3.3.7)
  - libPhoneNumber-iOS (0.8.5)
  - MBProgressHUD (0.9.1)
  - Mixpanel (2.8.2):
    - Mixpanel/Mixpanel (= 2.8.2)
  - Mixpanel/Mixpanel (2.8.2)
  - MSAlertController (1.0.2)
  - NSDate-Time-Ago (1.0.1)
  - OrderedDictionary (1.2)
  - Realm (0.93.2):
    - Realm/Headers (= 0.93.2)
  - Realm/Headers (0.93.2)
  - SloppySwiper (0.4.1)
  - SVPullToRefresh (0.4.1)
  - UCZProgressView (1.0.1)

DEPENDENCIES:
  - AFDownloadRequestOperation
  - AFNetworking (~> 2.0)
  - APAddressBook (~> 0.0.7)
  - BLKFlexibleHeightBar
  - FBSDKShareKit
  - Firebase (>= 2.3.1)
  - FLAnimatedImage (from `https://github.com/yagainc/FLAnimatedImage.git`)
  - FrameAccessor (~> 1.0)
  - GPUImage (from `https://github.com/yagainc/GPUImage.git`, commit `714beb8f3d8a477245d95b1610ccdd40f7867019`)
  - Harpy
  - libPhoneNumber-iOS (~> 0.7)
  - MBProgressHUD (~> 0.8)
  - Mixpanel (>= 2.8.2)
  - MSAlertController
  - NSDate-Time-Ago
  - OrderedDictionary
  - Realm (~> 0.93.2)
  - SloppySwiper
  - SVPullToRefresh (from `https://github.com/yagainc/SVPullToRefresh.git`, commit
    `760fba6a731e621d00ea937b31a1a45beccfe450`)
  - UCZProgressView (from `https://github.com/yagainc/UCZProgressView.git`)

EXTERNAL SOURCES:
  FLAnimatedImage:
    :git: https://github.com/yagainc/FLAnimatedImage.git
  GPUImage:
    :commit: 714beb8f3d8a477245d95b1610ccdd40f7867019
    :git: https://github.com/yagainc/GPUImage.git
  SVPullToRefresh:
    :commit: 760fba6a731e621d00ea937b31a1a45beccfe450
    :git: https://github.com/yagainc/SVPullToRefresh.git
  UCZProgressView:
    :git: https://github.com/yagainc/UCZProgressView.git

CHECKOUT OPTIONS:
  FLAnimatedImage:
    :commit: 89cbbcd65cbf065e6e6b157ddfd1a7eb4306cd52
    :git: https://github.com/yagainc/FLAnimatedImage.git
  GPUImage:
    :commit: 714beb8f3d8a477245d95b1610ccdd40f7867019
    :git: https://github.com/yagainc/GPUImage.git
  SVPullToRefresh:
    :commit: 760fba6a731e621d00ea937b31a1a45beccfe450
    :git: https://github.com/yagainc/SVPullToRefresh.git
  UCZProgressView:
    :commit: 3c6b5cc6a90de216675e144494b699277304d32e
    :git: https://github.com/yagainc/UCZProgressView.git

SPEC CHECKSUMS:
  AFDownloadRequestOperation: 748a1643423e1ddb23f2178f778087d4f0ae8ac7
  AFNetworking: 05edc0ac4c4c8cf57bcf4b84be5b0744b6d8e71e
  APAddressBook: 11582a756dc59228effdbba0faf6d4675bac6b77
  BLKFlexibleHeightBar: b27572a69633d8e33f1f2bbc486b04d8e86f742d
  Bolts: d176cb1e0012175589e389a9db49b85e27787576
  FBSDKCoreKit: a3a60225a84abeace291d0fe71cae29a627382c2
  FBSDKShareKit: 15806d69714de39d5dff2c84645f4cde23f5876e
  Firebase: 462795adf92029ddb97777660627f5dd4fd59876
  FLAnimatedImage: f9422f796135aff80d8c00b2afc48015bb746e24
  FrameAccessor: 0f7ba6ce37be9a5d0302a27c731dca70af8d438b
  GPUImage: 733a5f0fab92df9de1c37ba9df520a833ccb406d
  Harpy: f2f947532e4741547fdebe67672ca8c493326944
  libPhoneNumber-iOS: b8ccd23576379caca37c7cbdd554addf384459ed
  MBProgressHUD: c47f2c166c126cf2ce36498d80f33e754d4e93ad
  Mixpanel: f4d71ac2a306e7cda6ad03d4a2be249a0fd7a967
  MSAlertController: 502577669b8fef56c492c943cb0d5ae94392369d
  NSDate-Time-Ago: e9de167d0659ebe465c273e833e7b582f061fc41
  OrderedDictionary: 9cc5d69c5c5314ad696ed1839190724e83d534c7
  Realm: 2fdd0ae74f730e190384e0338d8a0d3654df8220
  SloppySwiper: 9518b65478d92b8ea9ffd283c1ce3e5d123bf3a9
  SVPullToRefresh: ba2e718695a43253d8bea6852d2960097dc15d8c
  UCZProgressView: 32fa5c572ff1300bf22553c8286600d9ae42f50f

COCOAPODS: 0.37.2
